
Microsoft Visual Studio Solution File, Format Version 12.00
# Visual Studio Version 17
VisualStudioVersion = 17.4.33213.308
MinimumVisualStudioVersion = 10.0.40219.1
Project("{FAE04EC0-301F-11D3-BF4B-00C04F79EFBC}") = "matatask", "matatask\matatask.csproj", "{4EF85F0B-F381-4104-936D-6D6FDF4C302B}"
EndProject
Global
	GlobalSection(SolutionConfigurationPlatforms) = preSolution
		Debug|Any CPU = Debug|Any CPU
		Release|Any CPU = Release|Any CPU
	EndGlobalSection
	GlobalSection(ProjectConfigurationPlatforms) = postSolution
		{4EF85F0B-F381-4104-936D-6D6FDF4C302B}.Debug|Any CPU.ActiveCfg = Debug|Any CPU
		{4EF85F0B-F381-4104-936D-6D6FDF4C302B}.Debug|Any CPU.Build.0 = Debug|Any CPU
		{4EF85F0B-F381-4104-936D-6D6FDF4C302B}.Release|Any CPU.ActiveCfg = Release|Any CPU
		{4EF85F0B-F381-4104-936D-6D6FDF4C302B}.Release|Any CPU.Build.0 = Release|Any CPU
	EndGlobalSection
	GlobalSection(SolutionProperties) = preSolution
		HideSolutionNode = FALSE
	EndGlobalSection
	GlobalSection(ExtensibilityGlobals) = postSolution
		SolutionGuid = {3C9DDA20-5FA6-4369-BDD4-05FEFBDF9FF3}
	EndGlobalSection
EndGlobal
